// !$*UTF8*$!
{
	archiveVersion = 1;
	classes = {
	};
	objectVersion = 56;
	objects = {

/* Begin PBXBuildFile section */
		6572D2B628FD08CA008DCB20 /* SplitViewTestingApp.swift in Sources */ = {isa = PBXBuildFile; fileRef = 6572D2B528FD08CA008DCB20 /* SplitViewTestingApp.swift */; };
		6572D2B828FD08CA008DCB20 /* ContentView.swift in Sources */ = {isa = PBXBuildFile; fileRef = 6572D2B728FD08CA008DCB20 /* ContentView.swift */; };
		6572D2BA28FD08CB008DCB20 /* Assets.xcassets in Resources */ = {isa = PBXBuildFile; fileRef = 6572D2B928FD08CB008DCB20 /* Assets.xcassets */; };
		6572D2BD28FD08CB008DCB20 /* Preview Assets.xcassets in Resources */ = {isa = PBXBuildFile; fileRef = 6572D2BC28FD08CB008DCB20 /* Preview Assets.xcassets */; };
		6572D2CE28FD0918008DCB20 /* BodyDetectionView.swift in Sources */ = {isa = PBXBuildFile; fileRef = 6572D2C428FD0918008DCB20 /* BodyDetectionView.swift */; };
		6572D2CF28FD0918008DCB20 /* ShapeView.swift in Sources */ = {isa = PBXBuildFile; fileRef = 6572D2C628FD0918008DCB20 /* ShapeView.swift */; };
		6572D2D128FD0918008DCB20 /* YoutubeVideoPlayerController.swift in Sources */ = {isa = PBXBuildFile; fileRef = 6572D2C928FD0918008DCB20 /* YoutubeVideoPlayerController.swift */; };
		6572D2D228FD0918008DCB20 /* LiveCameraView.swift in Sources */ = {isa = PBXBuildFile; fileRef = 6572D2CB28FD0918008DCB20 /* LiveCameraView.swift */; };
		6572D2D328FD0918008DCB20 /* LiveCameraViewModel.swift in Sources */ = {isa = PBXBuildFile; fileRef = 6572D2CC28FD0918008DCB20 /* LiveCameraViewModel.swift */; };
		6572D2D428FD0918008DCB20 /* CGPoint+Extension.swift in Sources */ = {isa = PBXBuildFile; fileRef = 6572D2CD28FD0918008DCB20 /* CGPoint+Extension.swift */; };
		6572D2D728FD0999008DCB20 /* YouTubePlayerKit in Frameworks */ = {isa = PBXBuildFile; productRef = 6572D2D628FD0999008DCB20 /* YouTubePlayerKit */; };
		6572D2DA28FD778A008DCB20 /* BodyCalibrationView.swift in Sources */ = {isa = PBXBuildFile; fileRef = 6572D2D928FD778A008DCB20 /* BodyCalibrationView.swift */; };
		6572D2DC28FE3F27008DCB20 /* AVVideoPlayerController.swift in Sources */ = {isa = PBXBuildFile; fileRef = 6572D2DB28FE3F27008DCB20 /* AVVideoPlayerController.swift */; };
		6572D2DE28FE4A2C008DCB20 /* NavigationComponent.swift in Sources */ = {isa = PBXBuildFile; fileRef = 6572D2DD28FE4A2C008DCB20 /* NavigationComponent.swift */; };
/* End PBXBuildFile section */

/* Begin PBXFileReference section */
		6572D2B228FD08CA008DCB20 /* SplitViewTesting.app */ = {isa = PBXFileReference; explicitFileType = wrapper.application; includeInIndex = 0; path = SplitViewTesting.app; sourceTree = BUILT_PRODUCTS_DIR; };
		6572D2B528FD08CA008DCB20 /* SplitViewTestingApp.swift */ = {isa = PBXFileReference; lastKnownFileType = sourcecode.swift; path = SplitViewTestingApp.swift; sourceTree = "<group>"; };
		6572D2B728FD08CA008DCB20 /* ContentView.swift */ = {isa = PBXFileReference; lastKnownFileType = sourcecode.swift; path = ContentView.swift; sourceTree = "<group>"; };
		6572D2B928FD08CB008DCB20 /* Assets.xcassets */ = {isa = PBXFileReference; lastKnownFileType = folder.assetcatalog; path = Assets.xcassets; sourceTree = "<group>"; };
		6572D2BC28FD08CB008DCB20 /* Preview Assets.xcassets */ = {isa = PBXFileReference; lastKnownFileType = folder.assetcatalog; path = "Preview Assets.xcassets"; sourceTree = "<group>"; };
		6572D2C428FD0918008DCB20 /* BodyDetectionView.swift */ = {isa = PBXFileReference; fileEncoding = 4; lastKnownFileType = sourcecode.swift; path = BodyDetectionView.swift; sourceTree = "<group>"; };
		6572D2C628FD0918008DCB20 /* ShapeView.swift */ = {isa = PBXFileReference; fileEncoding = 4; lastKnownFileType = sourcecode.swift; path = ShapeView.swift; sourceTree = "<group>"; };
		6572D2C928FD0918008DCB20 /* YoutubeVideoPlayerController.swift */ = {isa = PBXFileReference; fileEncoding = 4; lastKnownFileType = sourcecode.swift; path = YoutubeVideoPlayerController.swift; sourceTree = "<group>"; };
		6572D2CB28FD0918008DCB20 /* LiveCameraView.swift */ = {isa = PBXFileReference; fileEncoding = 4; lastKnownFileType = sourcecode.swift; path = LiveCameraView.swift; sourceTree = "<group>"; };
		6572D2CC28FD0918008DCB20 /* LiveCameraViewModel.swift */ = {isa = PBXFileReference; fileEncoding = 4; lastKnownFileType = sourcecode.swift; path = LiveCameraViewModel.swift; sourceTree = "<group>"; };
		6572D2CD28FD0918008DCB20 /* CGPoint+Extension.swift */ = {isa = PBXFileReference; fileEncoding = 4; lastKnownFileType = sourcecode.swift; path = "CGPoint+Extension.swift"; sourceTree = "<group>"; };
		6572D2D928FD778A008DCB20 /* BodyCalibrationView.swift */ = {isa = PBXFileReference; lastKnownFileType = sourcecode.swift; path = BodyCalibrationView.swift; sourceTree = "<group>"; };
		6572D2DB28FE3F27008DCB20 /* AVVideoPlayerController.swift */ = {isa = PBXFileReference; lastKnownFileType = sourcecode.swift; path = AVVideoPlayerController.swift; sourceTree = "<group>"; };
		6572D2DD28FE4A2C008DCB20 /* NavigationComponent.swift */ = {isa = PBXFileReference; lastKnownFileType = sourcecode.swift; path = NavigationComponent.swift; sourceTree = "<group>"; };
/* End PBXFileReference section */

/* Begin PBXFrameworksBuildPhase section */
		6572D2AF28FD08CA008DCB20 /* Frameworks */ = {
			isa = PBXFrameworksBuildPhase;
			buildActionMask = 2147483647;
			files = (
				6572D2D728FD0999008DCB20 /* YouTubePlayerKit in Frameworks */,
			);
			runOnlyForDeploymentPostprocessing = 0;
		};
/* End PBXFrameworksBuildPhase section */

/* Begin PBXGroup section */
		6572D2A928FD08CA008DCB20 = {
			isa = PBXGroup;
			children = (
				6572D2B428FD08CA008DCB20 /* SplitViewTesting */,
				6572D2B328FD08CA008DCB20 /* Products */,
			);
			sourceTree = "<group>";
		};
		6572D2B328FD08CA008DCB20 /* Products */ = {
			isa = PBXGroup;
			children = (
				6572D2B228FD08CA008DCB20 /* SplitViewTesting.app */,
			);
			name = Products;
			sourceTree = "<group>";
		};
		6572D2B428FD08CA008DCB20 /* SplitViewTesting */ = {
			isa = PBXGroup;
			children = (
				6572D2D828FD7738008DCB20 /* BodyCalibration */,
				6572D2C328FD0918008DCB20 /* BodyDetection */,
				6572D2CD28FD0918008DCB20 /* CGPoint+Extension.swift */,
				6572D2CA28FD0918008DCB20 /* LiveCamera */,
				6572D2C828FD0918008DCB20 /* VideoPlayer */,
				6572D2B528FD08CA008DCB20 /* SplitViewTestingApp.swift */,
				6572D2B728FD08CA008DCB20 /* ContentView.swift */,
				6572D2B928FD08CB008DCB20 /* Assets.xcassets */,
				6572D2BB28FD08CB008DCB20 /* Preview Content */,
				6572D2DD28FE4A2C008DCB20 /* NavigationComponent.swift */,
			);
			path = SplitViewTesting;
			sourceTree = "<group>";
		};
		6572D2BB28FD08CB008DCB20 /* Preview Content */ = {
			isa = PBXGroup;
			children = (
				6572D2BC28FD08CB008DCB20 /* Preview Assets.xcassets */,
			);
			path = "Preview Content";
			sourceTree = "<group>";
		};
		6572D2C328FD0918008DCB20 /* BodyDetection */ = {
			isa = PBXGroup;
			children = (
				6572D2C428FD0918008DCB20 /* BodyDetectionView.swift */,
				6572D2C528FD0918008DCB20 /* Shape */,
			);
			path = BodyDetection;
			sourceTree = "<group>";
		};
		6572D2C528FD0918008DCB20 /* Shape */ = {
			isa = PBXGroup;
			children = (
				6572D2C628FD0918008DCB20 /* ShapeView.swift */,
			);
			path = Shape;
			sourceTree = "<group>";
		};
		6572D2C828FD0918008DCB20 /* VideoPlayer */ = {
			isa = PBXGroup;
			children = (
				6572D2C928FD0918008DCB20 /* YoutubeVideoPlayerController.swift */,
				6572D2DB28FE3F27008DCB20 /* AVVideoPlayerController.swift */,
			);
			path = VideoPlayer;
			sourceTree = "<group>";
		};
		6572D2CA28FD0918008DCB20 /* LiveCamera */ = {
			isa = PBXGroup;
			children = (
				6572D2CB28FD0918008DCB20 /* LiveCameraView.swift */,
				6572D2CC28FD0918008DCB20 /* LiveCameraViewModel.swift */,
			);
			path = LiveCamera;
			sourceTree = "<group>";
		};
		6572D2D828FD7738008DCB20 /* BodyCalibration */ = {
			isa = PBXGroup;
			children = (
				6572D2D928FD778A008DCB20 /* BodyCalibrationView.swift */,
			);
			path = BodyCalibration;
			sourceTree = "<group>";
		};
/* End PBXGroup section */

/* Begin PBXNativeTarget section */
		6572D2B128FD08CA008DCB20 /* SplitViewTesting */ = {
			isa = PBXNativeTarget;
			buildConfigurationList = 6572D2C028FD08CB008DCB20 /* Build configuration list for PBXNativeTarget "SplitViewTesting" */;
			buildPhases = (
				6572D2AE28FD08CA008DCB20 /* Sources */,
				6572D2AF28FD08CA008DCB20 /* Frameworks */,
				6572D2B028FD08CA008DCB20 /* Resources */,
			);
			buildRules = (
			);
			dependencies = (
			);
			name = SplitViewTesting;
			packageProductDependencies = (
				6572D2D628FD0999008DCB20 /* YouTubePlayerKit */,
			);
			productName = SplitViewTesting;
			productReference = 6572D2B228FD08CA008DCB20 /* SplitViewTesting.app */;
			productType = "com.apple.product-type.application";
		};
/* End PBXNativeTarget section */

/* Begin PBXProject section */
		6572D2AA28FD08CA008DCB20 /* Project object */ = {
			isa = PBXProject;
			attributes = {
				BuildIndependentTargetsInParallel = 1;
				LastSwiftUpdateCheck = 1400;
				LastUpgradeCheck = 1400;
				TargetAttributes = {
					6572D2B128FD08CA008DCB20 = {
						CreatedOnToolsVersion = 14.0.1;
					};
				};
			};
			buildConfigurationList = 6572D2AD28FD08CA008DCB20 /* Build configuration list for PBXProject "SplitViewTesting" */;
			compatibilityVersion = "Xcode 14.0";
			developmentRegion = en;
			hasScannedForEncodings = 0;
			knownRegions = (
				en,
				Base,
			);
			mainGroup = 6572D2A928FD08CA008DCB20;
			packageReferences = (
				6572D2D528FD0999008DCB20 /* XCRemoteSwiftPackageReference "YouTubePlayerKit" */,
			);
			productRefGroup = 6572D2B328FD08CA008DCB20 /* Products */;
			projectDirPath = "";
			projectRoot = "";
			targets = (
				6572D2B128FD08CA008DCB20 /* SplitViewTesting */,
			);
		};
/* End PBXProject section */

/* Begin PBXResourcesBuildPhase section */
		6572D2B028FD08CA008DCB20 /* Resources */ = {
			isa = PBXResourcesBuildPhase;
			buildActionMask = 2147483647;
			files = (
				6572D2BD28FD08CB008DCB20 /* Preview Assets.xcassets in Resources */,
				6572D2BA28FD08CB008DCB20 /* Assets.xcassets in Resources */,
			);
			runOnlyForDeploymentPostprocessing = 0;
		};
/* End PBXResourcesBuildPhase section */

/* Begin PBXSourcesBuildPhase section */
		6572D2AE28FD08CA008DCB20 /* Sources */ = {
			isa = PBXSourcesBuildPhase;
			buildActionMask = 2147483647;
			files = (
				6572D2D128FD0918008DCB20 /* YoutubeVideoPlayerController.swift in Sources */,
				6572D2DE28FE4A2C008DCB20 /* NavigationComponent.swift in Sources */,
				6572D2D328FD0918008DCB20 /* LiveCameraViewModel.swift in Sources */,
				6572D2B828FD08CA008DCB20 /* ContentView.swift in Sources */,
				6572D2DC28FE3F27008DCB20 /* AVVideoPlayerController.swift in Sources */,
				6572D2D228FD0918008DCB20 /* LiveCameraView.swift in Sources */,
				6572D2B628FD08CA008DCB20 /* SplitViewTestingApp.swift in Sources */,
				6572D2CF28FD0918008DCB20 /* ShapeView.swift in Sources */,
				6572D2CE28FD0918008DCB20 /* BodyDetectionView.swift in Sources */,
				6572D2D428FD0918008DCB20 /* CGPoint+Extension.swift in Sources */,
				6572D2DA28FD778A008DCB20 /* BodyCalibrationView.swift in Sources */,
			);
			runOnlyForDeploymentPostprocessing = 0;
		};
/* End PBXSourcesBuildPhase section */

/* Begin XCBuildConfiguration section */
		6572D2BE28FD08CB008DCB20 /* Debug */ = {
			isa = XCBuildConfiguration;
			buildSettings = {
				ALWAYS_SEARCH_USER_PATHS = NO;
				CLANG_ANALYZER_NONNULL = YES;
				CLANG_ANALYZER_NUMBER_OBJECT_CONVERSION = YES_AGGRESSIVE;
				CLANG_CXX_LANGUAGE_STANDARD = "gnu++20";
				CLANG_ENABLE_MODULES = YES;
				CLANG_ENABLE_OBJC_ARC = YES;
				CLANG_ENABLE_OBJC_WEAK = YES;
				CLANG_WARN_BLOCK_CAPTURE_AUTORELEASING = YES;
				CLANG_WARN_BOOL_CONVERSION = YES;
				CLANG_WARN_COMMA = YES;
				CLANG_WARN_CONSTANT_CONVERSION = YES;
				CLANG_WARN_DEPRECATED_OBJC_IMPLEMENTATIONS = YES;
				CLANG_WARN_DIRECT_OBJC_ISA_USAGE = YES_ERROR;
				CLANG_WARN_DOCUMENTATION_COMMENTS = YES;
				CLANG_WARN_EMPTY_BODY = YES;
				CLANG_WARN_ENUM_CONVERSION = YES;
				CLANG_WARN_INFINITE_RECURSION = YES;
				CLANG_WARN_INT_CONVERSION = YES;
				CLANG_WARN_NON_LITERAL_NULL_CONVERSION = YES;
				CLANG_WARN_OBJC_IMPLICIT_RETAIN_SELF = YES;
				CLANG_WARN_OBJC_LITERAL_CONVERSION = YES;
				CLANG_WARN_OBJC_ROOT_CLASS = YES_ERROR;
				CLANG_WARN_QUOTED_INCLUDE_IN_FRAMEWORK_HEADER = YES;
				CLANG_WARN_RANGE_LOOP_ANALYSIS = YES;
				CLANG_WARN_STRICT_PROTOTYPES = YES;
				CLANG_WARN_SUSPICIOUS_MOVE = YES;
				CLANG_WARN_UNGUARDED_AVAILABILITY = YES_AGGRESSIVE;
				CLANG_WARN_UNREACHABLE_CODE = YES;
				CLANG_WARN__DUPLICATE_METHOD_MATCH = YES;
				COPY_PHASE_STRIP = NO;
				DEBUG_INFORMATION_FORMAT = dwarf;
				ENABLE_STRICT_OBJC_MSGSEND = YES;
				ENABLE_TESTABILITY = YES;
				GCC_C_LANGUAGE_STANDARD = gnu11;
				GCC_DYNAMIC_NO_PIC = NO;
				GCC_NO_COMMON_BLOCKS = YES;
				GCC_OPTIMIZATION_LEVEL = 0;
				GCC_PREPROCESSOR_DEFINITIONS = (
					"DEBUG=1",
					"$(inherited)",
				);
				GCC_WARN_64_TO_32_BIT_CONVERSION = YES;
				GCC_WARN_ABOUT_RETURN_TYPE = YES_ERROR;
				GCC_WARN_UNDECLARED_SELECTOR = YES;
				GCC_WARN_UNINITIALIZED_AUTOS = YES_AGGRESSIVE;
				GCC_WARN_UNUSED_FUNCTION = YES;
				GCC_WARN_UNUSED_VARIABLE = YES;
				IPHONEOS_DEPLOYMENT_TARGET = 16.0;
				MTL_ENABLE_DEBUG_INFO = INCLUDE_SOURCE;
				MTL_FAST_MATH = YES;
				ONLY_ACTIVE_ARCH = YES;
				SDKROOT = iphoneos;
				SWIFT_ACTIVE_COMPILATION_CONDITIONS = DEBUG;
				SWIFT_OPTIMIZATION_LEVEL = "-Onone";
			};
			name = Debug;
		};
		6572D2BF28FD08CB008DCB20 /* Release */ = {
			isa = XCBuildConfiguration;
			buildSettings = {
				ALWAYS_SEARCH_USER_PATHS = NO;
				CLANG_ANALYZER_NONNULL = YES;
				CLANG_ANALYZER_NUMBER_OBJECT_CONVERSION = YES_AGGRESSIVE;
				CLANG_CXX_LANGUAGE_STANDARD = "gnu++20";
				CLANG_ENABLE_MODULES = YES;
				CLANG_ENABLE_OBJC_ARC = YES;
				CLANG_ENABLE_OBJC_WEAK = YES;
				CLANG_WARN_BLOCK_CAPTURE_AUTORELEASING = YES;
				CLANG_WARN_BOOL_CONVERSION = YES;
				CLANG_WARN_COMMA = YES;
				CLANG_WARN_CONSTANT_CONVERSION = YES;
				CLANG_WARN_DEPRECATED_OBJC_IMPLEMENTATIONS = YES;
				CLANG_WARN_DIRECT_OBJC_ISA_USAGE = YES_ERROR;
				CLANG_WARN_DOCUMENTATION_COMMENTS = YES;
				CLANG_WARN_EMPTY_BODY = YES;
				CLANG_WARN_ENUM_CONVERSION = YES;
				CLANG_WARN_INFINITE_RECURSION = YES;
				CLANG_WARN_INT_CONVERSION = YES;
				CLANG_WARN_NON_LITERAL_NULL_CONVERSION = YES;
				CLANG_WARN_OBJC_IMPLICIT_RETAIN_SELF = YES;
				CLANG_WARN_OBJC_LITERAL_CONVERSION = YES;
				CLANG_WARN_OBJC_ROOT_CLASS = YES_ERROR;
				CLANG_WARN_QUOTED_INCLUDE_IN_FRAMEWORK_HEADER = YES;
				CLANG_WARN_RANGE_LOOP_ANALYSIS = YES;
				CLANG_WARN_STRICT_PROTOTYPES = YES;
				CLANG_WARN_SUSPICIOUS_MOVE = YES;
				CLANG_WARN_UNGUARDED_AVAILABILITY = YES_AGGRESSIVE;
				CLANG_WARN_UNREACHABLE_CODE = YES;
				CLANG_WARN__DUPLICATE_METHOD_MATCH = YES;
				COPY_PHASE_STRIP = NO;
				DEBUG_INFORMATION_FORMAT = "dwarf-with-dsym";
				ENABLE_NS_ASSERTIONS = NO;
				ENABLE_STRICT_OBJC_MSGSEND = YES;
				GCC_C_LANGUAGE_STANDARD = gnu11;
				GCC_NO_COMMON_BLOCKS = YES;
				GCC_WARN_64_TO_32_BIT_CONVERSION = YES;
				GCC_WARN_ABOUT_RETURN_TYPE = YES_ERROR;
				GCC_WARN_UNDECLARED_SELECTOR = YES;
				GCC_WARN_UNINITIALIZED_AUTOS = YES_AGGRESSIVE;
				GCC_WARN_UNUSED_FUNCTION = YES;
				GCC_WARN_UNUSED_VARIABLE = YES;
				IPHONEOS_DEPLOYMENT_TARGET = 16.0;
				MTL_ENABLE_DEBUG_INFO = NO;
				MTL_FAST_MATH = YES;
				SDKROOT = iphoneos;
				SWIFT_COMPILATION_MODE = wholemodule;
				SWIFT_OPTIMIZATION_LEVEL = "-O";
				VALIDATE_PRODUCT = YES;
			};
			name = Release;
		};
		6572D2C128FD08CB008DCB20 /* Debug */ = {
			isa = XCBuildConfiguration;
			buildSettings = {
				ASSETCATALOG_COMPILER_APPICON_NAME = AppIcon;
				ASSETCATALOG_COMPILER_GLOBAL_ACCENT_COLOR_NAME = AccentColor;
				CODE_SIGN_STYLE = Automatic;
				CURRENT_PROJECT_VERSION = 1;
				DEVELOPMENT_ASSET_PATHS = "\"SplitViewTesting/Preview Content\"";
				DEVELOPMENT_TEAM = N42VUN3JJ2;
				ENABLE_PREVIEWS = YES;
				GENERATE_INFOPLIST_FILE = YES;
				INFOPLIST_KEY_NSCameraUsageDescription = "Camera to body detection";
				INFOPLIST_KEY_UIApplicationSceneManifest_Generation = YES;
				INFOPLIST_KEY_UIApplicationSupportsIndirectInputEvents = YES;
				INFOPLIST_KEY_UILaunchScreen_Generation = YES;
				INFOPLIST_KEY_UISupportedInterfaceOrientations_iPad = "UIInterfaceOrientationPortrait UIInterfaceOrientationPortraitUpsideDown UIInterfaceOrientationLandscapeLeft UIInterfaceOrientationLandscapeRight";
				INFOPLIST_KEY_UISupportedInterfaceOrientations_iPhone = "UIInterfaceOrientationPortrait UIInterfaceOrientationLandscapeLeft UIInterfaceOrientationLandscapeRight";
				IPHONEOS_DEPLOYMENT_TARGET = 15.0;
				LD_RUNPATH_SEARCH_PATHS = (
					"$(inherited)",
					"@executable_path/Frameworks",
				);
				MARKETING_VERSION = 1.0;
				PRODUCT_BUNDLE_IDENTIFIER = com.agushery.SplitViewTesting;
				PRODUCT_NAME = "$(TARGET_NAME)";
				SWIFT_EMIT_LOC_STRINGS = YES;
				SWIFT_VERSION = 5.0;
				TARGETED_DEVICE_FAMILY = "1,2";
			};
			name = Debug;
		};
		6572D2C228FD08CB008DCB20 /* Release */ = {
			isa = XCBuildConfiguration;
			buildSettings = {
				ASSETCATALOG_COMPILER_APPICON_NAME = AppIcon;
				ASSETCATALOG_COMPILER_GLOBAL_ACCENT_COLOR_NAME = AccentColor;
				CODE_SIGN_STYLE = Automatic;
				CURRENT_PROJECT_VERSION = 1;
				DEVELOPMENT_ASSET_PATHS = "\"SplitViewTesting/Preview Content\"";
				DEVELOPMENT_TEAM = N42VUN3JJ2;
				ENABLE_PREVIEWS = YES;
				GENERATE_INFOPLIST_FILE = YES;
				INFOPLIST_KEY_NSCameraUsageDescription = "Camera to body detection";
				INFOPLIST_KEY_UIApplicationSceneManifest_Generation = YES;
				INFOPLIST_KEY_UIApplicationSupportsIndirectInputEvents = YES;
				INFOPLIST_KEY_UILaunchScreen_Generation = YES;
				INFOPLIST_KEY_UISupportedInterfaceOrientations_iPad = "UIInterfaceOrientationPortrait UIInterfaceOrientationPortraitUpsideDown UIInterfaceOrientationLandscapeLeft UIInterfaceOrientationLandscapeRight";
				INFOPLIST_KEY_UISupportedInterfaceOrientations_iPhone = "UIInterfaceOrientationPortrait UIInterfaceOrientationLandscapeLeft UIInterfaceOrientationLandscapeRight";
				IPHONEOS_DEPLOYMENT_TARGET = 15.0;
				LD_RUNPATH_SEARCH_PATHS = (
					"$(inherited)",
					"@executable_path/Frameworks",
				);
				MARKETING_VERSION = 1.0;
				PRODUCT_BUNDLE_IDENTIFIER = com.agushery.SplitViewTesting;
				PRODUCT_NAME = "$(TARGET_NAME)";
				SWIFT_EMIT_LOC_STRINGS = YES;
				SWIFT_VERSION = 5.0;
				TARGETED_DEVICE_FAMILY = "1,2";
			};
			name = Release;
		};
/* End XCBuildConfiguration section */

/* Begin XCConfigurationList section */
		6572D2AD28FD08CA008DCB20 /* Build configuration list for PBXProject "SplitViewTesting" */ = {
			isa = XCConfigurationList;
			buildConfigurations = (
				6572D2BE28FD08CB008DCB20 /* Debug */,
				6572D2BF28FD08CB008DCB20 /* Release */,
			);
			defaultConfigurationIsVisible = 0;
			defaultConfigurationName = Release;
		};
		6572D2C028FD08CB008DCB20 /* Build configuration list for PBXNativeTarget "SplitViewTesting" */ = {
			isa = XCConfigurationList;
			buildConfigurations = (
				6572D2C128FD08CB008DCB20 /* Debug */,
				6572D2C228FD08CB008DCB20 /* Release */,
			);
			defaultConfigurationIsVisible = 0;
			defaultConfigurationName = Release;
		};
/* End XCConfigurationList section */

/* Begin XCRemoteSwiftPackageReference section */
		6572D2D528FD0999008DCB20 /* XCRemoteSwiftPackageReference "YouTubePlayerKit" */ = {
			isa = XCRemoteSwiftPackageReference;
			repositoryURL = "https://github.com/SvenTiigi/YouTubePlayerKit.git";
			requirement = {
				kind = upToNextMajorVersion;
				minimumVersion = 1.0.0;
			};
		};
/* End XCRemoteSwiftPackageReference section */

/* Begin XCSwiftPackageProductDependency section */
		6572D2D628FD0999008DCB20 /* YouTubePlayerKit */ = {
			isa = XCSwiftPackageProductDependency;
			package = 6572D2D528FD0999008DCB20 /* XCRemoteSwiftPackageReference "YouTubePlayerKit" */;
			productName = YouTubePlayerKit;
		};
/* End XCSwiftPackageProductDependency section */
	};
	rootObject = 6572D2AA28FD08CA008DCB20 /* Project object */;
}
